github.com/Ajdin15/funtemps v0.0.0-20230220100701-2c01ac77382c h1:R4VcdcwcMa/ef6e+Lg/0csUPvfX4j1ds6pJPEJZkk2c=
github.com/Ajdin15/funtemps v0.0.0-20230220100701-2c01ac77382c/go.mod h1:gl1cYrjwdYpY/2xYPg8nuknOM947VFsep6tb8rvwQaI=
github.com/Ajdin15/is105sem03 v0.0.0-20230421083852-e43b58bf9e2e h1:5cUx5MXUo5jeyC+6NMbBWQgilDTDHNxcoFXS+QdEBBo=
github.com/Ajdin15/is105sem03 v0.0.0-20230421083852-e43b58bf9e2e/go.mod h1:fOQOgS5uPifa4JmYHc7TSAixOWWaHRhWh7EFfVZrS8w=
